{
  "name": "@bitcoin-s-ts/wallet-ts",
  "version": "1.9.0",
  "lockfileVersion": 2,
  "requires": true,
  "packages": {
    "": {
      "name": "@bitcoin-s-ts/wallet-ts",
      "version": "1.9.0",
      "dependencies": {
        "common-ts": "file:../common-ts"
      },
      "devDependencies": {
        "typescript": "^4.4.3"
      }
    },
    "../common-ts": {
      "version": "1.9.0",
      "dependencies": {
        "express": "^4.17.1",
        "needle": "^3.0.0"
      },
      "devDependencies": {
        "@types/express": "^4.17.13",
        "@types/needle": "^2.5.2",
        "typescript": "^4.4.3"
      }
    },
    "node_modules/common-ts": {
      "resolved": "../common-ts",
      "link": true
    },
    "node_modules/typescript": {
      "version": "4.7.3",
      "resolved": "https://registry.npmjs.org/typescript/-/typescript-4.7.3.tgz",
      "integrity": "sha512-WOkT3XYvrpXx4vMMqlD+8R8R37fZkjyLGlxavMc4iB8lrl8L0DeTcHbYgw/v0N/z9wAFsgBhcsF0ruoySS22mA==",
      "dev": true,
      "bin": {
        "tsc": "bin/tsc",
        "tsserver": "bin/tsserver"
      },
      "engines": {
        "node": ">=4.2.0"
      }
    }
  },
  "dependencies": {
    "common-ts": {
      "version": "file:../common-ts",
      "requires": {
        "@types/express": "^4.17.13",
        "@types/needle": "^2.5.2",
        "express": "^4.17.1",
        "needle": "^3.0.0",
        "typescript": "^4.4.3"
      }
    },
    "typescript": {
      "version": "4.7.3",
      "resolved": "https://registry.npmjs.org/typescript/-/typescript-4.7.3.tgz",
      "integrity": "sha512-WOkT3XYvrpXx4vMMqlD+8R8R37fZkjyLGlxavMc4iB8lrl8L0DeTcHbYgw/v0N/z9wAFsgBhcsF0ruoySS22mA==",
      "dev": true
    }
  }
}
